
Microsoft Visual Studio Solution File, Format Version 12.00
# Visual Studio Version 16
VisualStudioVersion = 16.0.30717.126
MinimumVisualStudioVersion = 10.0.40219.1
Project("{FAE04EC0-301F-11D3-BF4B-00C04F79EFBC}") = "BlazorMatchGame", "BlazorMatchGame.csproj", "{70A3FC91-9494-461D-A1CA-12A829443E49}"
EndProject
Global
	GlobalSection(SolutionConfigurationPlatforms) = preSolution
		Debug|Any CPU = Debug|Any CPU
		Release|Any CPU = Release|Any CPU
	EndGlobalSection
	GlobalSection(ProjectConfigurationPlatforms) = postSolution
		{70A3FC91-9494-461D-A1CA-12A829443E49}.Debug|Any CPU.ActiveCfg = Debug|Any CPU
		{70A3FC91-9494-461D-A1CA-12A829443E49}.Debug|Any CPU.Build.0 = Debug|Any CPU
		{70A3FC91-9494-461D-A1CA-12A829443E49}.Release|Any CPU.ActiveCfg = Release|Any CPU
		{70A3FC91-9494-461D-A1CA-12A829443E49}.Release|Any CPU.Build.0 = Release|Any CPU
	EndGlobalSection
	GlobalSection(SolutionProperties) = preSolution
		HideSolutionNode = FALSE
	EndGlobalSection
	GlobalSection(ExtensibilityGlobals) = postSolution
		SolutionGuid = {4BFD6669-68B8-4EC1-82F7-D2B704E295FA}
	EndGlobalSection
EndGlobal
